
Microsoft Visual Studio Solution File, Format Version 12.00
# Visual Studio Version 17
VisualStudioVersion = 17.6.33712.159
MinimumVisualStudioVersion = 10.0.40219.1
Project("{FAE04EC0-301F-11D3-BF4B-00C04F79EFBC}") = "Sales.UWP", "Sales\Sales.UWP\Sales.UWP.csproj", "{C537C64A-94A6-42D7-A59A-87FF797BA958}"
EndProject
Project("{FAE04EC0-301F-11D3-BF4B-00C04F79EFBC}") = "Sales.Android", "Sales\Sales.Android\Sales.Android.csproj", "{A6A54186-02C3-4A6B-82E0-1998967AD709}"
EndProject
Project("{FAE04EC0-301F-11D3-BF4B-00C04F79EFBC}") = "Sales.iOS", "Sales\Sales.iOS\Sales.iOS.csproj", "{FBE5F9AC-EBBC-4CA4-933C-A89551C67A4E}"
EndProject
Project("{FAE04EC0-301F-11D3-BF4B-00C04F79EFBC}") = "Sales", "Sales\Sales\Sales.csproj", "{D5BB5D63-B079-4511-BA57-DE4D60EFD772}"
EndProject
Project("{FAE04EC0-301F-11D3-BF4B-00C04F79EFBC}") = "Sales.Backend", "Sales.Backend\Sales.Backend.csproj", "{A0C712B0-FF36-4D73-AFFD-D25C9E7E2208}"
EndProject
Project("{FAE04EC0-301F-11D3-BF4B-00C04F79EFBC}") = "Sales.API", "Sales.API\Sales.API.csproj", "{08FD7730-1FA9-4795-B72C-E1D53E18C29E}"
EndProject
Project("{FAE04EC0-301F-11D3-BF4B-00C04F79EFBC}") = "Sales.Domain", "Sales.Domain\Sales.Domain.csproj", "{D7EDCF2C-3F17-40EA-8551-5BF7011CF0A2}"
EndProject
Project("{FAE04EC0-301F-11D3-BF4B-00C04F79EFBC}") = "Sales.Common", "Sales.Common\Sales.Common.csproj", "{21447A88-2290-4741-9CCA-3F149EAA6B75}"
EndProject
Global
	GlobalSection(SolutionConfigurationPlatforms) = preSolution
		Debug|Any CPU = Debug|Any CPU
		Debug|ARM = Debug|ARM
		Debug|iPhone = Debug|iPhone
		Debug|iPhoneSimulator = Debug|iPhoneSimulator
		Debug|x64 = Debug|x64
		Debug|x86 = Debug|x86
		Release|Any CPU = Release|Any CPU
		Release|ARM = Release|ARM
		Release|iPhone = Release|iPhone
		Release|iPhoneSimulator = Release|iPhoneSimulator
		Release|x64 = Release|x64
		Release|x86 = Release|x86
	EndGlobalSection
	GlobalSection(ProjectConfigurationPlatforms) = postSolution
		{C537C64A-94A6-42D7-A59A-87FF797BA958}.Debug|Any CPU.ActiveCfg = Debug|x64
		{C537C64A-94A6-42D7-A59A-87FF797BA958}.Debug|Any CPU.Build.0 = Debug|x64
		{C537C64A-94A6-42D7-A59A-87FF797BA958}.Debug|Any CPU.Deploy.0 = Debug|x64
		{C537C64A-94A6-42D7-A59A-87FF797BA958}.Debug|ARM.ActiveCfg = Debug|ARM
		{C537C64A-94A6-42D7-A59A-87FF797BA958}.Debug|ARM.Build.0 = Debug|ARM
		{C537C64A-94A6-42D7-A59A-87FF797BA958}.Debug|ARM.Deploy.0 = Debug|ARM
		{C537C64A-94A6-42D7-A59A-87FF797BA958}.Debug|iPhone.ActiveCfg = Debug|x64
		{C537C64A-94A6-42D7-A59A-87FF797BA958}.Debug|iPhone.Build.0 = Debug|x64
		{C537C64A-94A6-42D7-A59A-87FF797BA958}.Debug|iPhone.Deploy.0 = Debug|x64
		{C537C64A-94A6-42D7-A59A-87FF797BA958}.Debug|iPhoneSimulator.ActiveCfg = Debug|x64
		{C537C64A-94A6-42D7-A59A-87FF797BA958}.Debug|iPhoneSimulator.Build.0 = Debug|x64
		{C537C64A-94A6-42D7-A59A-87FF797BA958}.Debug|iPhoneSimulator.Deploy.0 = Debug|x64
		{C537C64A-94A6-42D7-A59A-87FF797BA958}.Debug|x64.ActiveCfg = Debug|x64
		{C537C64A-94A6-42D7-A59A-87FF797BA958}.Debug|x64.Build.0 = Debug|x64
		{C537C64A-94A6-42D7-A59A-87FF797BA958}.Debug|x64.Deploy.0 = Debug|x64
		{C537C64A-94A6-42D7-A59A-87FF797BA958}.Debug|x86.ActiveCfg = Debug|x86
		{C537C64A-94A6-42D7-A59A-87FF797BA958}.Debug|x86.Build.0 = Debug|x86
		{C537C64A-94A6-42D7-A59A-87FF797BA958}.Debug|x86.Deploy.0 = Debug|x86
		{C537C64A-94A6-42D7-A59A-87FF797BA958}.Release|Any CPU.ActiveCfg = Release|x64
		{C537C64A-94A6-42D7-A59A-87FF797BA958}.Release|Any CPU.Build.0 = Release|x64
		{C537C64A-94A6-42D7-A59A-87FF797BA958}.Release|Any CPU.Deploy.0 = Release|x64
		{C537C64A-94A6-42D7-A59A-87FF797BA958}.Release|ARM.ActiveCfg = Release|ARM
		{C537C64A-94A6-42D7-A59A-87FF797BA958}.Release|ARM.Build.0 = Release|ARM
		{C537C64A-94A6-42D7-A59A-87FF797BA958}.Release|ARM.Deploy.0 = Release|ARM
		{C537C64A-94A6-42D7-A59A-87FF797BA958}.Release|iPhone.ActiveCfg = Release|x64
		{C537C64A-94A6-42D7-A59A-87FF797BA958}.Release|iPhone.Build.0 = Release|x64
		{C537C64A-94A6-42D7-A59A-87FF797BA958}.Release|iPhone.Deploy.0 = Release|x64
		{C537C64A-94A6-42D7-A59A-87FF797BA958}.Release|iPhoneSimulator.ActiveCfg = Release|x64
		{C537C64A-94A6-42D7-A59A-87FF797BA958}.Release|iPhoneSimulator.Build.0 = Release|x64
		{C537C64A-94A6-42D7-A59A-87FF797BA958}.Release|iPhoneSimulator.Deploy.0 = Release|x64
		{C537C64A-94A6-42D7-A59A-87FF797BA958}.Release|x64.ActiveCfg = Release|x64
		{C537C64A-94A6-42D7-A59A-87FF797BA958}.Release|x64.Build.0 = Release|x64
		{C537C64A-94A6-42D7-A59A-87FF797BA958}.Release|x64.Deploy.0 = Release|x64
		{C537C64A-94A6-42D7-A59A-87FF797BA958}.Release|x86.ActiveCfg = Release|x86
		{C537C64A-94A6-42D7-A59A-87FF797BA958}.Release|x86.Build.0 = Release|x86
		{C537C64A-94A6-42D7-A59A-87FF797BA958}.Release|x86.Deploy.0 = Release|x86
		{A6A54186-02C3-4A6B-82E0-1998967AD709}.Debug|Any CPU.ActiveCfg = Debug|Any CPU
		{A6A54186-02C3-4A6B-82E0-1998967AD709}.Debug|Any CPU.Build.0 = Debug|Any CPU
		{A6A54186-02C3-4A6B-82E0-1998967AD709}.Debug|Any CPU.Deploy.0 = Debug|Any CPU
		{A6A54186-02C3-4A6B-82E0-1998967AD709}.Debug|ARM.ActiveCfg = Debug|Any CPU
		{A6A54186-02C3-4A6B-82E0-1998967AD709}.Debug|ARM.Build.0 = Debug|Any CPU
		{A6A54186-02C3-4A6B-82E0-1998967AD709}.Debug|ARM.Deploy.0 = Debug|Any CPU
		{A6A54186-02C3-4A6B-82E0-1998967AD709}.Debug|iPhone.ActiveCfg = Debug|Any CPU
		{A6A54186-02C3-4A6B-82E0-1998967AD709}.Debug|iPhone.Build.0 = Debug|Any CPU
		{A6A54186-02C3-4A6B-82E0-1998967AD709}.Debug|iPhone.Deploy.0 = Debug|Any CPU
		{A6A54186-02C3-4A6B-82E0-1998967AD709}.Debug|iPhoneSimulator.ActiveCfg = Debug|Any CPU
		{A6A54186-02C3-4A6B-82E0-1998967AD709}.Debug|iPhoneSimulator.Build.0 = Debug|Any CPU
		{A6A54186-02C3-4A6B-82E0-1998967AD709}.Debug|iPhoneSimulator.Deploy.0 = Debug|Any CPU
		{A6A54186-02C3-4A6B-82E0-1998967AD709}.Debug|x64.ActiveCfg = Debug|Any CPU
		{A6A54186-02C3-4A6B-82E0-1998967AD709}.Debug|x64.Build.0 = Debug|Any CPU
		{A6A54186-02C3-4A6B-82E0-1998967AD709}.Debug|x64.Deploy.0 = Debug|Any CPU
		{A6A54186-02C3-4A6B-82E0-1998967AD709}.Debug|x86.ActiveCfg = Debug|Any CPU
		{A6A54186-02C3-4A6B-82E0-1998967AD709}.Debug|x86.Build.0 = Debug|Any CPU
		{A6A54186-02C3-4A6B-82E0-1998967AD709}.Debug|x86.Deploy.0 = Debug|Any CPU
		{A6A54186-02C3-4A6B-82E0-1998967AD709}.Release|Any CPU.ActiveCfg = Release|Any CPU
		{A6A54186-02C3-4A6B-82E0-1998967AD709}.Release|Any CPU.Build.0 = Release|Any CPU
		{A6A54186-02C3-4A6B-82E0-1998967AD709}.Release|Any CPU.Deploy.0 = Release|Any CPU
		{A6A54186-02C3-4A6B-82E0-1998967AD709}.Release|ARM.ActiveCfg = Release|Any CPU
		{A6A54186-02C3-4A6B-82E0-1998967AD709}.Release|ARM.Build.0 = Release|Any CPU
		{A6A54186-02C3-4A6B-82E0-1998967AD709}.Release|ARM.Deploy.0 = Release|Any CPU
		{A6A54186-02C3-4A6B-82E0-1998967AD709}.Release|iPhone.ActiveCfg = Release|Any CPU
		{A6A54186-02C3-4A6B-82E0-1998967AD709}.Release|iPhone.Build.0 = Release|Any CPU
		{A6A54186-02C3-4A6B-82E0-1998967AD709}.Release|iPhone.Deploy.0 = Release|Any CPU
		{A6A54186-02C3-4A6B-82E0-1998967AD709}.Release|iPhoneSimulator.ActiveCfg = Release|Any CPU
		{A6A54186-02C3-4A6B-82E0-1998967AD709}.Release|iPhoneSimulator.Build.0 = Release|Any CPU
		{A6A54186-02C3-4A6B-82E0-1998967AD709}.Release|iPhoneSimulator.Deploy.0 = Release|Any CPU
		{A6A54186-02C3-4A6B-82E0-1998967AD709}.Release|x64.ActiveCfg = Release|Any CPU
		{A6A54186-02C3-4A6B-82E0-1998967AD709}.Release|x64.Build.0 = Release|Any CPU
		{A6A54186-02C3-4A6B-82E0-1998967AD709}.Release|x64.Deploy.0 = Release|Any CPU
		{A6A54186-02C3-4A6B-82E0-1998967AD709}.Release|x86.ActiveCfg = Release|Any CPU
		{A6A54186-02C3-4A6B-82E0-1998967AD709}.Release|x86.Build.0 = Release|Any CPU
		{A6A54186-02C3-4A6B-82E0-1998967AD709}.Release|x86.Deploy.0 = Release|Any CPU
		{FBE5F9AC-EBBC-4CA4-933C-A89551C67A4E}.Debug|Any CPU.ActiveCfg = Debug|iPhoneSimulator
		{FBE5F9AC-EBBC-4CA4-933C-A89551C67A4E}.Debug|Any CPU.Build.0 = Debug|iPhoneSimulator
		{FBE5F9AC-EBBC-4CA4-933C-A89551C67A4E}.Debug|Any CPU.Deploy.0 = Debug|iPhoneSimulator
		{FBE5F9AC-EBBC-4CA4-933C-A89551C67A4E}.Debug|ARM.ActiveCfg = Debug|iPhoneSimulator
		{FBE5F9AC-EBBC-4CA4-933C-A89551C67A4E}.Debug|ARM.Build.0 = Debug|iPhoneSimulator
		{FBE5F9AC-EBBC-4CA4-933C-A89551C67A4E}.Debug|ARM.Deploy.0 = Debug|iPhoneSimulator
		{FBE5F9AC-EBBC-4CA4-933C-A89551C67A4E}.Debug|iPhone.ActiveCfg = Debug|iPhone
		{FBE5F9AC-EBBC-4CA4-933C-A89551C67A4E}.Debug|iPhone.Build.0 = Debug|iPhone
		{FBE5F9AC-EBBC-4CA4-933C-A89551C67A4E}.Debug|iPhone.Deploy.0 = Debug|iPhone
		{FBE5F9AC-EBBC-4CA4-933C-A89551C67A4E}.Debug|iPhoneSimulator.ActiveCfg = Debug|iPhoneSimulator
		{FBE5F9AC-EBBC-4CA4-933C-A89551C67A4E}.Debug|iPhoneSimulator.Build.0 = Debug|iPhoneSimulator
		{FBE5F9AC-EBBC-4CA4-933C-A89551C67A4E}.Debug|iPhoneSimulator.Deploy.0 = Debug|iPhoneSimulator
		{FBE5F9AC-EBBC-4CA4-933C-A89551C67A4E}.Debug|x64.ActiveCfg = Debug|iPhone
		{FBE5F9AC-EBBC-4CA4-933C-A89551C67A4E}.Debug|x64.Build.0 = Debug|iPhone
		{FBE5F9AC-EBBC-4CA4-933C-A89551C67A4E}.Debug|x64.Deploy.0 = Debug|iPhone
		{FBE5F9AC-EBBC-4CA4-933C-A89551C67A4E}.Debug|x86.ActiveCfg = Debug|iPhoneSimulator
		{FBE5F9AC-EBBC-4CA4-933C-A89551C67A4E}.Debug|x86.Build.0 = Debug|iPhoneSimulator
		{FBE5F9AC-EBBC-4CA4-933C-A89551C67A4E}.Debug|x86.Deploy.0 = Debug|iPhoneSimulator
		{FBE5F9AC-EBBC-4CA4-933C-A89551C67A4E}.Release|Any CPU.ActiveCfg = Release|iPhoneSimulator
		{FBE5F9AC-EBBC-4CA4-933C-A89551C67A4E}.Release|Any CPU.Build.0 = Release|iPhoneSimulator
		{FBE5F9AC-EBBC-4CA4-933C-A89551C67A4E}.Release|Any CPU.Deploy.0 = Release|iPhoneSimulator
		{FBE5F9AC-EBBC-4CA4-933C-A89551C67A4E}.Release|ARM.ActiveCfg = Release|iPhoneSimulator
		{FBE5F9AC-EBBC-4CA4-933C-A89551C67A4E}.Release|ARM.Build.0 = Release|iPhoneSimulator
		{FBE5F9AC-EBBC-4CA4-933C-A89551C67A4E}.Release|ARM.Deploy.0 = Release|iPhoneSimulator
		{FBE5F9AC-EBBC-4CA4-933C-A89551C67A4E}.Release|iPhone.ActiveCfg = Release|iPhone
		{FBE5F9AC-EBBC-4CA4-933C-A89551C67A4E}.Release|iPhone.Build.0 = Release|iPhone
		{FBE5F9AC-EBBC-4CA4-933C-A89551C67A4E}.Release|iPhone.Deploy.0 = Release|iPhone
		{FBE5F9AC-EBBC-4CA4-933C-A89551C67A4E}.Release|iPhoneSimulator.ActiveCfg = Release|iPhoneSimulator
		{FBE5F9AC-EBBC-4CA4-933C-A89551C67A4E}.Release|iPhoneSimulator.Build.0 = Release|iPhoneSimulator
		{FBE5F9AC-EBBC-4CA4-933C-A89551C67A4E}.Release|iPhoneSimulator.Deploy.0 = Release|iPhoneSimulator
		{FBE5F9AC-EBBC-4CA4-933C-A89551C67A4E}.Release|x64.ActiveCfg = Release|iPhoneSimulator
		{FBE5F9AC-EBBC-4CA4-933C-A89551C67A4E}.Release|x64.Build.0 = Release|iPhoneSimulator
		{FBE5F9AC-EBBC-4CA4-933C-A89551C67A4E}.Release|x64.Deploy.0 = Release|iPhoneSimulator
		{FBE5F9AC-EBBC-4CA4-933C-A89551C67A4E}.Release|x86.ActiveCfg = Release|iPhoneSimulator
		{FBE5F9AC-EBBC-4CA4-933C-A89551C67A4E}.Release|x86.Build.0 = Release|iPhoneSimulator
		{FBE5F9AC-EBBC-4CA4-933C-A89551C67A4E}.Release|x86.Deploy.0 = Release|iPhoneSimulator
		{D5BB5D63-B079-4511-BA57-DE4D60EFD772}.Debug|Any CPU.ActiveCfg = Debug|Any CPU
		{D5BB5D63-B079-4511-BA57-DE4D60EFD772}.Debug|Any CPU.Build.0 = Debug|Any CPU
		{D5BB5D63-B079-4511-BA57-DE4D60EFD772}.Debug|Any CPU.Deploy.0 = Debug|Any CPU
		{D5BB5D63-B079-4511-BA57-DE4D60EFD772}.Debug|ARM.ActiveCfg = Debug|Any CPU
		{D5BB5D63-B079-4511-BA57-DE4D60EFD772}.Debug|ARM.Build.0 = Debug|Any CPU
		{D5BB5D63-B079-4511-BA57-DE4D60EFD772}.Debug|ARM.Deploy.0 = Debug|Any CPU
		{D5BB5D63-B079-4511-BA57-DE4D60EFD772}.Debug|iPhone.ActiveCfg = Debug|Any CPU
		{D5BB5D63-B079-4511-BA57-DE4D60EFD772}.Debug|iPhone.Build.0 = Debug|Any CPU
		{D5BB5D63-B079-4511-BA57-DE4D60EFD772}.Debug|iPhone.Deploy.0 = Debug|Any CPU
		{D5BB5D63-B079-4511-BA57-DE4D60EFD772}.Debug|iPhoneSimulator.ActiveCfg = Debug|Any CPU
		{D5BB5D63-B079-4511-BA57-DE4D60EFD772}.Debug|iPhoneSimulator.Build.0 = Debug|Any CPU
		{D5BB5D63-B079-4511-BA57-DE4D60EFD772}.Debug|iPhoneSimulator.Deploy.0 = Debug|Any CPU
		{D5BB5D63-B079-4511-BA57-DE4D60EFD772}.Debug|x64.ActiveCfg = Debug|Any CPU
		{D5BB5D63-B079-4511-BA57-DE4D60EFD772}.Debug|x64.Build.0 = Debug|Any CPU
		{D5BB5D63-B079-4511-BA57-DE4D60EFD772}.Debug|x64.Deploy.0 = Debug|Any CPU
		{D5BB5D63-B079-4511-BA57-DE4D60EFD772}.Debug|x86.ActiveCfg = Debug|Any CPU
		{D5BB5D63-B079-4511-BA57-DE4D60EFD772}.Debug|x86.Build.0 = Debug|Any CPU
		{D5BB5D63-B079-4511-BA57-DE4D60EFD772}.Debug|x86.Deploy.0 = Debug|Any CPU
		{D5BB5D63-B079-4511-BA57-DE4D60EFD772}.Release|Any CPU.ActiveCfg = Release|Any CPU
		{D5BB5D63-B079-4511-BA57-DE4D60EFD772}.Release|Any CPU.Build.0 = Release|Any CPU
		{D5BB5D63-B079-4511-BA57-DE4D60EFD772}.Release|Any CPU.Deploy.0 = Release|Any CPU
		{D5BB5D63-B079-4511-BA57-DE4D60EFD772}.Release|ARM.ActiveCfg = Release|Any CPU
		{D5BB5D63-B079-4511-BA57-DE4D60EFD772}.Release|ARM.Build.0 = Release|Any CPU
		{D5BB5D63-B079-4511-BA57-DE4D60EFD772}.Release|ARM.Deploy.0 = Release|Any CPU
		{D5BB5D63-B079-4511-BA57-DE4D60EFD772}.Release|iPhone.ActiveCfg = Release|Any CPU
		{D5BB5D63-B079-4511-BA57-DE4D60EFD772}.Release|iPhone.Build.0 = Release|Any CPU
		{D5BB5D63-B079-4511-BA57-DE4D60EFD772}.Release|iPhone.Deploy.0 = Release|Any CPU
		{D5BB5D63-B079-4511-BA57-DE4D60EFD772}.Release|iPhoneSimulator.ActiveCfg = Release|Any CPU
		{D5BB5D63-B079-4511-BA57-DE4D60EFD772}.Release|iPhoneSimulator.Build.0 = Release|Any CPU
		{D5BB5D63-B079-4511-BA57-DE4D60EFD772}.Release|iPhoneSimulator.Deploy.0 = Release|Any CPU
		{D5BB5D63-B079-4511-BA57-DE4D60EFD772}.Release|x64.ActiveCfg = Release|Any CPU
		{D5BB5D63-B079-4511-BA57-DE4D60EFD772}.Release|x64.Build.0 = Release|Any CPU
		{D5BB5D63-B079-4511-BA57-DE4D60EFD772}.Release|x64.Deploy.0 = Release|Any CPU
		{D5BB5D63-B079-4511-BA57-DE4D60EFD772}.Release|x86.ActiveCfg = Release|Any CPU
		{D5BB5D63-B079-4511-BA57-DE4D60EFD772}.Release|x86.Build.0 = Release|Any CPU
		{D5BB5D63-B079-4511-BA57-DE4D60EFD772}.Release|x86.Deploy.0 = Release|Any CPU
		{A0C712B0-FF36-4D73-AFFD-D25C9E7E2208}.Debug|Any CPU.ActiveCfg = Debug|Any CPU
		{A0C712B0-FF36-4D73-AFFD-D25C9E7E2208}.Debug|Any CPU.Build.0 = Debug|Any CPU
		{A0C712B0-FF36-4D73-AFFD-D25C9E7E2208}.Debug|ARM.ActiveCfg = Debug|Any CPU
		{A0C712B0-FF36-4D73-AFFD-D25C9E7E2208}.Debug|ARM.Build.0 = Debug|Any CPU
		{A0C712B0-FF36-4D73-AFFD-D25C9E7E2208}.Debug|iPhone.ActiveCfg = Debug|Any CPU
		{A0C712B0-FF36-4D73-AFFD-D25C9E7E2208}.Debug|iPhone.Build.0 = Debug|Any CPU
		{A0C712B0-FF36-4D73-AFFD-D25C9E7E2208}.Debug|iPhoneSimulator.ActiveCfg = Debug|Any CPU
		{A0C712B0-FF36-4D73-AFFD-D25C9E7E2208}.Debug|iPhoneSimulator.Build.0 = Debug|Any CPU
		{A0C712B0-FF36-4D73-AFFD-D25C9E7E2208}.Debug|x64.ActiveCfg = Debug|Any CPU
		{A0C712B0-FF36-4D73-AFFD-D25C9E7E2208}.Debug|x64.Build.0 = Debug|Any CPU
		{A0C712B0-FF36-4D73-AFFD-D25C9E7E2208}.Debug|x86.ActiveCfg = Debug|Any CPU
		{A0C712B0-FF36-4D73-AFFD-D25C9E7E2208}.Debug|x86.Build.0 = Debug|Any CPU
		{A0C712B0-FF36-4D73-AFFD-D25C9E7E2208}.Release|Any CPU.ActiveCfg = Release|Any CPU
		{A0C712B0-FF36-4D73-AFFD-D25C9E7E2208}.Release|Any CPU.Build.0 = Release|Any CPU
		{A0C712B0-FF36-4D73-AFFD-D25C9E7E2208}.Release|ARM.ActiveCfg = Release|Any CPU
		{A0C712B0-FF36-4D73-AFFD-D25C9E7E2208}.Release|ARM.Build.0 = Release|Any CPU
		{A0C712B0-FF36-4D73-AFFD-D25C9E7E2208}.Release|iPhone.ActiveCfg = Release|Any CPU
		{A0C712B0-FF36-4D73-AFFD-D25C9E7E2208}.Release|iPhone.Build.0 = Release|Any CPU
		{A0C712B0-FF36-4D73-AFFD-D25C9E7E2208}.Release|iPhoneSimulator.ActiveCfg = Release|Any CPU
		{A0C712B0-FF36-4D73-AFFD-D25C9E7E2208}.Release|iPhoneSimulator.Build.0 = Release|Any CPU
		{A0C712B0-FF36-4D73-AFFD-D25C9E7E2208}.Release|x64.ActiveCfg = Release|Any CPU
		{A0C712B0-FF36-4D73-AFFD-D25C9E7E2208}.Release|x64.Build.0 = Release|Any CPU
		{A0C712B0-FF36-4D73-AFFD-D25C9E7E2208}.Release|x86.ActiveCfg = Release|Any CPU
		{A0C712B0-FF36-4D73-AFFD-D25C9E7E2208}.Release|x86.Build.0 = Release|Any CPU
		{08FD7730-1FA9-4795-B72C-E1D53E18C29E}.Debug|Any CPU.ActiveCfg = Debug|Any CPU
		{08FD7730-1FA9-4795-B72C-E1D53E18C29E}.Debug|Any CPU.Build.0 = Debug|Any CPU
		{08FD7730-1FA9-4795-B72C-E1D53E18C29E}.Debug|ARM.ActiveCfg = Debug|Any CPU
		{08FD7730-1FA9-4795-B72C-E1D53E18C29E}.Debug|ARM.Build.0 = Debug|Any CPU
		{08FD7730-1FA9-4795-B72C-E1D53E18C29E}.Debug|iPhone.ActiveCfg = Debug|Any CPU
		{08FD7730-1FA9-4795-B72C-E1D53E18C29E}.Debug|iPhone.Build.0 = Debug|Any CPU
		{08FD7730-1FA9-4795-B72C-E1D53E18C29E}.Debug|iPhoneSimulator.ActiveCfg = Debug|Any CPU
		{08FD7730-1FA9-4795-B72C-E1D53E18C29E}.Debug|iPhoneSimulator.Build.0 = Debug|Any CPU
		{08FD7730-1FA9-4795-B72C-E1D53E18C29E}.Debug|x64.ActiveCfg = Debug|Any CPU
		{08FD7730-1FA9-4795-B72C-E1D53E18C29E}.Debug|x64.Build.0 = Debug|Any CPU
		{08FD7730-1FA9-4795-B72C-E1D53E18C29E}.Debug|x86.ActiveCfg = Debug|Any CPU
		{08FD7730-1FA9-4795-B72C-E1D53E18C29E}.Debug|x86.Build.0 = Debug|Any CPU
		{08FD7730-1FA9-4795-B72C-E1D53E18C29E}.Release|Any CPU.ActiveCfg = Release|Any CPU
		{08FD7730-1FA9-4795-B72C-E1D53E18C29E}.Release|Any CPU.Build.0 = Release|Any CPU
		{08FD7730-1FA9-4795-B72C-E1D53E18C29E}.Release|ARM.ActiveCfg = Release|Any CPU
		{08FD7730-1FA9-4795-B72C-E1D53E18C29E}.Release|ARM.Build.0 = Release|Any CPU
		{08FD7730-1FA9-4795-B72C-E1D53E18C29E}.Release|iPhone.ActiveCfg = Release|Any CPU
		{08FD7730-1FA9-4795-B72C-E1D53E18C29E}.Release|iPhone.Build.0 = Release|Any CPU
		{08FD7730-1FA9-4795-B72C-E1D53E18C29E}.Release|iPhoneSimulator.ActiveCfg = Release|Any CPU
		{08FD7730-1FA9-4795-B72C-E1D53E18C29E}.Release|iPhoneSimulator.Build.0 = Release|Any CPU
		{08FD7730-1FA9-4795-B72C-E1D53E18C29E}.Release|x64.ActiveCfg = Release|Any CPU
		{08FD7730-1FA9-4795-B72C-E1D53E18C29E}.Release|x64.Build.0 = Release|Any CPU
		{08FD7730-1FA9-4795-B72C-E1D53E18C29E}.Release|x86.ActiveCfg = Release|Any CPU
		{08FD7730-1FA9-4795-B72C-E1D53E18C29E}.Release|x86.Build.0 = Release|Any CPU
		{D7EDCF2C-3F17-40EA-8551-5BF7011CF0A2}.Debug|Any CPU.ActiveCfg = Debug|Any CPU
		{D7EDCF2C-3F17-40EA-8551-5BF7011CF0A2}.Debug|Any CPU.Build.0 = Debug|Any CPU
		{D7EDCF2C-3F17-40EA-8551-5BF7011CF0A2}.Debug|ARM.ActiveCfg = Debug|Any CPU
		{D7EDCF2C-3F17-40EA-8551-5BF7011CF0A2}.Debug|ARM.Build.0 = Debug|Any CPU
		{D7EDCF2C-3F17-40EA-8551-5BF7011CF0A2}.Debug|iPhone.ActiveCfg = Debug|Any CPU
		{D7EDCF2C-3F17-40EA-8551-5BF7011CF0A2}.Debug|iPhone.Build.0 = Debug|Any CPU
		{D7EDCF2C-3F17-40EA-8551-5BF7011CF0A2}.Debug|iPhoneSimulator.ActiveCfg = Debug|Any CPU
		{D7EDCF2C-3F17-40EA-8551-5BF7011CF0A2}.Debug|iPhoneSimulator.Build.0 = Debug|Any CPU
		{D7EDCF2C-3F17-40EA-8551-5BF7011CF0A2}.Debug|x64.ActiveCfg = Debug|Any CPU
		{D7EDCF2C-3F17-40EA-8551-5BF7011CF0A2}.Debug|x64.Build.0 = Debug|Any CPU
		{D7EDCF2C-3F17-40EA-8551-5BF7011CF0A2}.Debug|x86.ActiveCfg = Debug|Any CPU
		{D7EDCF2C-3F17-40EA-8551-5BF7011CF0A2}.Debug|x86.Build.0 = Debug|Any CPU
		{D7EDCF2C-3F17-40EA-8551-5BF7011CF0A2}.Release|Any CPU.ActiveCfg = Release|Any CPU
		{D7EDCF2C-3F17-40EA-8551-5BF7011CF0A2}.Release|Any CPU.Build.0 = Release|Any CPU
		{D7EDCF2C-3F17-40EA-8551-5BF7011CF0A2}.Release|ARM.ActiveCfg = Release|Any CPU
		{D7EDCF2C-3F17-40EA-8551-5BF7011CF0A2}.Release|ARM.Build.0 = Release|Any CPU
		{D7EDCF2C-3F17-40EA-8551-5BF7011CF0A2}.Release|iPhone.ActiveCfg = Release|Any CPU
		{D7EDCF2C-3F17-40EA-8551-5BF7011CF0A2}.Release|iPhone.Build.0 = Release|Any CPU
		{D7EDCF2C-3F17-40EA-8551-5BF7011CF0A2}.Release|iPhoneSimulator.ActiveCfg = Release|Any CPU
		{D7EDCF2C-3F17-40EA-8551-5BF7011CF0A2}.Release|iPhoneSimulator.Build.0 = Release|Any CPU
		{D7EDCF2C-3F17-40EA-8551-5BF7011CF0A2}.Release|x64.ActiveCfg = Release|Any CPU
		{D7EDCF2C-3F17-40EA-8551-5BF7011CF0A2}.Release|x64.Build.0 = Release|Any CPU
		{D7EDCF2C-3F17-40EA-8551-5BF7011CF0A2}.Release|x86.ActiveCfg = Release|Any CPU
		{D7EDCF2C-3F17-40EA-8551-5BF7011CF0A2}.Release|x86.Build.0 = Release|Any CPU
		{21447A88-2290-4741-9CCA-3F149EAA6B75}.Debug|Any CPU.ActiveCfg = Debug|Any CPU
		{21447A88-2290-4741-9CCA-3F149EAA6B75}.Debug|Any CPU.Build.0 = Debug|Any CPU
		{21447A88-2290-4741-9CCA-3F149EAA6B75}.Debug|ARM.ActiveCfg = Debug|Any CPU
		{21447A88-2290-4741-9CCA-3F149EAA6B75}.Debug|ARM.Build.0 = Debug|Any CPU
		{21447A88-2290-4741-9CCA-3F149EAA6B75}.Debug|iPhone.ActiveCfg = Debug|Any CPU
		{21447A88-2290-4741-9CCA-3F149EAA6B75}.Debug|iPhone.Build.0 = Debug|Any CPU
		{21447A88-2290-4741-9CCA-3F149EAA6B75}.Debug|iPhoneSimulator.ActiveCfg = Debug|Any CPU
		{21447A88-2290-4741-9CCA-3F149EAA6B75}.Debug|iPhoneSimulator.Build.0 = Debug|Any CPU
		{21447A88-2290-4741-9CCA-3F149EAA6B75}.Debug|x64.ActiveCfg = Debug|Any CPU
		{21447A88-2290-4741-9CCA-3F149EAA6B75}.Debug|x64.Build.0 = Debug|Any CPU
		{21447A88-2290-4741-9CCA-3F149EAA6B75}.Debug|x86.ActiveCfg = Debug|Any CPU
		{21447A88-2290-4741-9CCA-3F149EAA6B75}.Debug|x86.Build.0 = Debug|Any CPU
		{21447A88-2290-4741-9CCA-3F149EAA6B75}.Release|Any CPU.ActiveCfg = Release|Any CPU
		{21447A88-2290-4741-9CCA-3F149EAA6B75}.Release|Any CPU.Build.0 = Release|Any CPU
		{21447A88-2290-4741-9CCA-3F149EAA6B75}.Release|ARM.ActiveCfg = Release|Any CPU
		{21447A88-2290-4741-9CCA-3F149EAA6B75}.Release|ARM.Build.0 = Release|Any CPU
		{21447A88-2290-4741-9CCA-3F149EAA6B75}.Release|iPhone.ActiveCfg = Release|Any CPU
		{21447A88-2290-4741-9CCA-3F149EAA6B75}.Release|iPhone.Build.0 = Release|Any CPU
		{21447A88-2290-4741-9CCA-3F149EAA6B75}.Release|iPhoneSimulator.ActiveCfg = Release|Any CPU
		{21447A88-2290-4741-9CCA-3F149EAA6B75}.Release|iPhoneSimulator.Build.0 = Release|Any CPU
		{21447A88-2290-4741-9CCA-3F149EAA6B75}.Release|x64.ActiveCfg = Release|Any CPU
		{21447A88-2290-4741-9CCA-3F149EAA6B75}.Release|x64.Build.0 = Release|Any CPU
		{21447A88-2290-4741-9CCA-3F149EAA6B75}.Release|x86.ActiveCfg = Release|Any CPU
		{21447A88-2290-4741-9CCA-3F149EAA6B75}.Release|x86.Build.0 = Release|Any CPU
	EndGlobalSection
	GlobalSection(SolutionProperties) = preSolution
		HideSolutionNode = FALSE
	EndGlobalSection
	GlobalSection(ExtensibilityGlobals) = postSolution
		SolutionGuid = {15CD44A3-A657-4FFB-8100-B3D8CE1F7098}
	EndGlobalSection
EndGlobal
